
Microsoft Visual Studio Solution File, Format Version 12.00
# Visual Studio Version 17
VisualStudioVersion = 17.11.35327.3
MinimumVisualStudioVersion = 10.0.40219.1
Project("{9A19103F-16F7-4668-BE54-9A1E7A4F7556}") = "Lab10", "Lab10\Lab10.csproj", "{69A8D28D-DB6D-49C9-B95E-88E5CE06C4CA}"
EndProject
Global
	GlobalSection(SolutionConfigurationPlatforms) = preSolution
		Debug|Any CPU = Debug|Any CPU
		Release|Any CPU = Release|Any CPU
	EndGlobalSection
	GlobalSection(ProjectConfigurationPlatforms) = postSolution
		{69A8D28D-DB6D-49C9-B95E-88E5CE06C4CA}.Debug|Any CPU.ActiveCfg = Debug|Any CPU
		{69A8D28D-DB6D-49C9-B95E-88E5CE06C4CA}.Debug|Any CPU.Build.0 = Debug|Any CPU
		{69A8D28D-DB6D-49C9-B95E-88E5CE06C4CA}.Release|Any CPU.ActiveCfg = Release|Any CPU
		{69A8D28D-DB6D-49C9-B95E-88E5CE06C4CA}.Release|Any CPU.Build.0 = Release|Any CPU
	EndGlobalSection
	GlobalSection(SolutionProperties) = preSolution
		HideSolutionNode = FALSE
	EndGlobalSection
	GlobalSection(ExtensibilityGlobals) = postSolution
		SolutionGuid = {CAE7378E-DF79-4739-9536-031F9FB5EFB8}
	EndGlobalSection
EndGlobal
